
Microsoft Visual Studio Solution File, Format Version 12.00
# Visual Studio Version 17
VisualStudioVersion = 17.3.32901.215
MinimumVisualStudioVersion = 10.0.40219.1
Project("{9A19103F-16F7-4668-BE54-9A1E7A4F7556}") = "TestProject", "TestProject\TestProject.csproj", "{BDAE5CBE-EDB7-4B3D-83B2-7FE9BFBA286E}"
EndProject
Project("{9A19103F-16F7-4668-BE54-9A1E7A4F7556}") = "Analyzer", "Analyzer\Analyzer.csproj", "{0A157025-F223-40D1-B26C-3C60FEC41AEA}"
EndProject
Project("{2150E333-8FDC-42A3-9474-1A3956D46DE8}") = "Library", "Library", "{A8BD20BF-D5E3-4434-AC2E-4408EE4CF643}"
EndProject
Project("{FAE04EC0-301F-11D3-BF4B-00C04F79EFBC}") = "UnitTests", "UnitTests\UnitTests.csproj", "{2482E536-E017-4B49-A2D1-6C176A77C27D}"
EndProject
Global
	GlobalSection(SolutionConfigurationPlatforms) = preSolution
		Debug|Any CPU = Debug|Any CPU
		Release|Any CPU = Release|Any CPU
	EndGlobalSection
	GlobalSection(ProjectConfigurationPlatforms) = postSolution
		{BDAE5CBE-EDB7-4B3D-83B2-7FE9BFBA286E}.Debug|Any CPU.ActiveCfg = Debug|Any CPU
		{BDAE5CBE-EDB7-4B3D-83B2-7FE9BFBA286E}.Debug|Any CPU.Build.0 = Debug|Any CPU
		{BDAE5CBE-EDB7-4B3D-83B2-7FE9BFBA286E}.Release|Any CPU.ActiveCfg = Release|Any CPU
		{BDAE5CBE-EDB7-4B3D-83B2-7FE9BFBA286E}.Release|Any CPU.Build.0 = Release|Any CPU
		{0A157025-F223-40D1-B26C-3C60FEC41AEA}.Debug|Any CPU.ActiveCfg = Debug|Any CPU
		{0A157025-F223-40D1-B26C-3C60FEC41AEA}.Debug|Any CPU.Build.0 = Debug|Any CPU
		{0A157025-F223-40D1-B26C-3C60FEC41AEA}.Release|Any CPU.ActiveCfg = Release|Any CPU
		{0A157025-F223-40D1-B26C-3C60FEC41AEA}.Release|Any CPU.Build.0 = Release|Any CPU
		{2482E536-E017-4B49-A2D1-6C176A77C27D}.Debug|Any CPU.ActiveCfg = Debug|Any CPU
		{2482E536-E017-4B49-A2D1-6C176A77C27D}.Debug|Any CPU.Build.0 = Debug|Any CPU
		{2482E536-E017-4B49-A2D1-6C176A77C27D}.Release|Any CPU.ActiveCfg = Release|Any CPU
		{2482E536-E017-4B49-A2D1-6C176A77C27D}.Release|Any CPU.Build.0 = Release|Any CPU
	EndGlobalSection
	GlobalSection(SolutionProperties) = preSolution
		HideSolutionNode = FALSE
	EndGlobalSection
	GlobalSection(NestedProjects) = preSolution
		{BDAE5CBE-EDB7-4B3D-83B2-7FE9BFBA286E} = {A8BD20BF-D5E3-4434-AC2E-4408EE4CF643}
		{0A157025-F223-40D1-B26C-3C60FEC41AEA} = {A8BD20BF-D5E3-4434-AC2E-4408EE4CF643}
	EndGlobalSection
	GlobalSection(ExtensibilityGlobals) = postSolution
		SolutionGuid = {DE3389D7-842C-456C-AD70-5768CB2583F0}
	EndGlobalSection
EndGlobal
